// !$*UTF8*$!
{
	archiveVersion = 1;
	classes = {
	};
	objectVersion = 50;
	objects = {

/* Begin PBXBuildFile section */
		2900A27B1B2F483944F3A2D3 /* Pods_Fitness_App.framework in Frameworks */ = {isa = PBXBuildFile; fileRef = DE8B75E301DD0026D0BB892C /* Pods_Fitness_App.framework */; settings = {ATTRIBUTES = (Required, ); }; };
		9633C9B4224B250F00448D5B /* DoExerciseCell.swift in Sources */ = {isa = PBXBuildFile; fileRef = 9633C9B2224B250F00448D5B /* DoExerciseCell.swift */; };
		9633C9B5224B250F00448D5B /* DoExerciseCell.xib in Resources */ = {isa = PBXBuildFile; fileRef = 9633C9B3224B250F00448D5B /* DoExerciseCell.xib */; };
		9633C9B7224B2AC300448D5B /* Exercise.swift in Sources */ = {isa = PBXBuildFile; fileRef = 9633C9B6224B2AC300448D5B /* Exercise.swift */; };
		9633C9BB224B39B100448D5B /* PlayerViewClass.swift in Sources */ = {isa = PBXBuildFile; fileRef = 9633C9BA224B39B100448D5B /* PlayerViewClass.swift */; };
		9633C9BF224B60C000448D5B /* ExerciseCell.swift in Sources */ = {isa = PBXBuildFile; fileRef = 9633C9BD224B60C000448D5B /* ExerciseCell.swift */; };
		9633C9C0224B60C000448D5B /* ExerciseCell.xib in Resources */ = {isa = PBXBuildFile; fileRef = 9633C9BE224B60C000448D5B /* ExerciseCell.xib */; };
		963BDEF4227532F6001C7A23 /* big_arm_circle.gif in Resources */ = {isa = PBXBuildFile; fileRef = 963BDEF3227532F6001C7A23 /* big_arm_circle.gif */; };
		963BDEF622753397001C7A23 /* GifImage.swift in Sources */ = {isa = PBXBuildFile; fileRef = 963BDEF522753397001C7A23 /* GifImage.swift */; };
		964CD07B22759D75007A79C1 /* TabbarVC.swift in Sources */ = {isa = PBXBuildFile; fileRef = 964CD07A22759D75007A79C1 /* TabbarVC.swift */; };
		964CD07D22759FB0007A79C1 /* Extension.swift in Sources */ = {isa = PBXBuildFile; fileRef = 964CD07C22759FB0007A79C1 /* Extension.swift */; };
		964CD0812275B23D007A79C1 /* ProfileVC.swift in Sources */ = {isa = PBXBuildFile; fileRef = 964CD07F2275B23D007A79C1 /* ProfileVC.swift */; };
		964CD0822275B23D007A79C1 /* ProfileVC.xib in Resources */ = {isa = PBXBuildFile; fileRef = 964CD0802275B23D007A79C1 /* ProfileVC.xib */; };
		9663C03D224491F9001DA7B1 /* AppDelegate.swift in Sources */ = {isa = PBXBuildFile; fileRef = 9663C03C224491F9001DA7B1 /* AppDelegate.swift */; };
		9663C03F224491F9001DA7B1 /* ViewController.swift in Sources */ = {isa = PBXBuildFile; fileRef = 9663C03E224491F9001DA7B1 /* ViewController.swift */; };
		9663C042224491F9001DA7B1 /* Main.storyboard in Resources */ = {isa = PBXBuildFile; fileRef = 9663C040224491F9001DA7B1 /* Main.storyboard */; };
		9663C044224491FA001DA7B1 /* Assets.xcassets in Resources */ = {isa = PBXBuildFile; fileRef = 9663C043224491FA001DA7B1 /* Assets.xcassets */; };
		9663C047224491FA001DA7B1 /* LaunchScreen.storyboard in Resources */ = {isa = PBXBuildFile; fileRef = 9663C045224491FA001DA7B1 /* LaunchScreen.storyboard */; };
		968BE6562276820F006651A8 /* ExercisesClass.swift in Sources */ = {isa = PBXBuildFile; fileRef = 968BE6552276820F006651A8 /* ExercisesClass.swift */; };
		9697388F225463430064A432 /* bent_elbow_shoulder_circle_3.png in Resources */ = {isa = PBXBuildFile; fileRef = 9697388C225463430064A432 /* bent_elbow_shoulder_circle_3.png */; };
		96973890225463430064A432 /* bent_elbow_shoulder_circle_2.png in Resources */ = {isa = PBXBuildFile; fileRef = 9697388D225463430064A432 /* bent_elbow_shoulder_circle_2.png */; };
		96973891225463430064A432 /* bent_elbow_shoulder_circle_1.png in Resources */ = {isa = PBXBuildFile; fileRef = 9697388E225463430064A432 /* bent_elbow_shoulder_circle_1.png */; };
		969F70022244C5EB00D83264 /* CheckBox.swift in Sources */ = {isa = PBXBuildFile; fileRef = 969F6FFF2244C5EB00D83264 /* CheckBox.swift */; };
		969F70032244C5EB00D83264 /* ShadowButton.swift in Sources */ = {isa = PBXBuildFile; fileRef = 969F70002244C5EB00D83264 /* ShadowButton.swift */; };
		969F70042244C5EB00D83264 /* GradientButton.swift in Sources */ = {isa = PBXBuildFile; fileRef = 969F70012244C5EB00D83264 /* GradientButton.swift */; };
		969F70062244C60500D83264 /* BaseCollectionView.swift in Sources */ = {isa = PBXBuildFile; fileRef = 969F70052244C60500D83264 /* BaseCollectionView.swift */; };
		969F70482244C61E00D83264 /* TapActionView.swift in Sources */ = {isa = PBXBuildFile; fileRef = 969F70082244C61D00D83264 /* TapActionView.swift */; };
		969F70492244C61E00D83264 /* CustomNibView.swift in Sources */ = {isa = PBXBuildFile; fileRef = 969F70092244C61D00D83264 /* CustomNibView.swift */; };
		969F704A2244C61E00D83264 /* RoundedView.swift in Sources */ = {isa = PBXBuildFile; fileRef = 969F700A2244C61D00D83264 /* RoundedView.swift */; };
		969F704B2244C61E00D83264 /* ShadowView.swift in Sources */ = {isa = PBXBuildFile; fileRef = 969F700B2244C61D00D83264 /* ShadowView.swift */; };
		969F704C2244C61E00D83264 /* GradientView.swift in Sources */ = {isa = PBXBuildFile; fileRef = 969F700C2244C61D00D83264 /* GradientView.swift */; };
		969F704D2244C61E00D83264 /* KeyboardHandlerScrollView.swift in Sources */ = {isa = PBXBuildFile; fileRef = 969F700E2244C61D00D83264 /* KeyboardHandlerScrollView.swift */; };
		969F704E2244C61E00D83264 /* VCService.swift in Sources */ = {isa = PBXBuildFile; fileRef = 969F70102244C61D00D83264 /* VCService.swift */; };
		969F704F2244C61E00D83264 /* CameraPhotoService.swift in Sources */ = {isa = PBXBuildFile; fileRef = 969F70112244C61D00D83264 /* CameraPhotoService.swift */; };
		969F70502244C61E00D83264 /* BaseTableView.swift in Sources */ = {isa = PBXBuildFile; fileRef = 969F70132244C61D00D83264 /* BaseTableView.swift */; };
		969F70512244C61E00D83264 /* BaseTextField.swift in Sources */ = {isa = PBXBuildFile; fileRef = 969F70152244C61D00D83264 /* BaseTextField.swift */; };
		969F70522244C61E00D83264 /* BorderTextField.swift in Sources */ = {isa = PBXBuildFile; fileRef = 969F70162244C61D00D83264 /* BorderTextField.swift */; };
		969F70532244C61E00D83264 /* InsetTextField.swift in Sources */ = {isa = PBXBuildFile; fileRef = 969F70172244C61D00D83264 /* InsetTextField.swift */; };
		969F70542244C61E00D83264 /* GradientLayer.swift in Sources */ = {isa = PBXBuildFile; fileRef = 969F70192244C61D00D83264 /* GradientLayer.swift */; };
		969F70552244C61E00D83264 /* UIFont+Extension.swift in Sources */ = {isa = PBXBuildFile; fileRef = 969F701D2244C61E00D83264 /* UIFont+Extension.swift */; };
		969F70572244C61E00D83264 /* Date+Extension.swift in Sources */ = {isa = PBXBuildFile; fileRef = 969F701F2244C61E00D83264 /* Date+Extension.swift */; };
		969F70582244C61E00D83264 /* UIApplication+Extension.swift in Sources */ = {isa = PBXBuildFile; fileRef = 969F70212244C61E00D83264 /* UIApplication+Extension.swift */; };
		969F70592244C61E00D83264 /* UIAlertController+Extension.swift in Sources */ = {isa = PBXBuildFile; fileRef = 969F70222244C61E00D83264 /* UIAlertController+Extension.swift */; };
		969F705A2244C61E00D83264 /* UINavigationController+Extension.swift in Sources */ = {isa = PBXBuildFile; fileRef = 969F70232244C61E00D83264 /* UINavigationController+Extension.swift */; };
		969F705B2244C61E00D83264 /* UIViewController+Extension.swift in Sources */ = {isa = PBXBuildFile; fileRef = 969F70242244C61E00D83264 /* UIViewController+Extension.swift */; };
		969F705C2244C61E00D83264 /* Int+Extension.swift in Sources */ = {isa = PBXBuildFile; fileRef = 969F70262244C61E00D83264 /* Int+Extension.swift */; };
		969F705D2244C61E00D83264 /* Float+Extension.swift in Sources */ = {isa = PBXBuildFile; fileRef = 969F70272244C61E00D83264 /* Float+Extension.swift */; };
		969F705E2244C61E00D83264 /* UIImageView+Extension.swift in Sources */ = {isa = PBXBuildFile; fileRef = 969F70292244C61E00D83264 /* UIImageView+Extension.swift */; };
		969F705F2244C61E00D83264 /* UILabel+Extension.swift in Sources */ = {isa = PBXBuildFile; fileRef = 969F702A2244C61E00D83264 /* UILabel+Extension.swift */; };
		969F70602244C61E00D83264 /* UIButton+Extension.swift in Sources */ = {isa = PBXBuildFile; fileRef = 969F702B2244C61E00D83264 /* UIButton+Extension.swift */; };
		969F70612244C61E00D83264 /* UIView+Extension.swift in Sources */ = {isa = PBXBuildFile; fileRef = 969F702C2244C61E00D83264 /* UIView+Extension.swift */; };
		969F70622244C61E00D83264 /* UIImage+Extension.swift in Sources */ = {isa = PBXBuildFile; fileRef = 969F702D2244C61E00D83264 /* UIImage+Extension.swift */; };
		969F70632244C61E00D83264 /* UITextView+Extension.swift in Sources */ = {isa = PBXBuildFile; fileRef = 969F702E2244C61E00D83264 /* UITextView+Extension.swift */; };
		969F70642244C61E00D83264 /* UIScrollView+Extension.swift in Sources */ = {isa = PBXBuildFile; fileRef = 969F702F2244C61E00D83264 /* UIScrollView+Extension.swift */; };
		969F70652244C61E00D83264 /* UITextField+Extension.swift in Sources */ = {isa = PBXBuildFile; fileRef = 969F70302244C61E00D83264 /* UITextField+Extension.swift */; };
		969F70662244C61E00D83264 /* AttributeString+Extension.swift in Sources */ = {isa = PBXBuildFile; fileRef = 969F70322244C61E00D83264 /* AttributeString+Extension.swift */; };
		969F70672244C61E00D83264 /* String+Extension.swift in Sources */ = {isa = PBXBuildFile; fileRef = 969F70332244C61E00D83264 /* String+Extension.swift */; };
		969F70682244C61E00D83264 /* BasePicker.swift in Sources */ = {isa = PBXBuildFile; fileRef = 969F70352244C61E00D83264 /* BasePicker.swift */; };
		969F70692244C61E00D83264 /* PickerViewer.swift in Sources */ = {isa = PBXBuildFile; fileRef = 969F70362244C61E00D83264 /* PickerViewer.swift */; };
		969F706A2244C61E00D83264 /* TextPicker.swift in Sources */ = {isa = PBXBuildFile; fileRef = 969F70372244C61E00D83264 /* TextPicker.swift */; };
		969F706B2244C61E00D83264 /* DateTimePicker.xib in Resources */ = {isa = PBXBuildFile; fileRef = 969F70382244C61E00D83264 /* DateTimePicker.xib */; };
		969F706C2244C61E00D83264 /* TextPicker.xib in Resources */ = {isa = PBXBuildFile; fileRef = 969F70392244C61E00D83264 /* TextPicker.xib */; };
		969F706D2244C61E00D83264 /* DateTimePicker.swift in Sources */ = {isa = PBXBuildFile; fileRef = 969F703A2244C61E00D83264 /* DateTimePicker.swift */; };
		969F706E2244C61E00D83264 /* Permission.swift in Sources */ = {isa = PBXBuildFile; fileRef = 969F703C2244C61E00D83264 /* Permission.swift */; };
		969F706F2244C61E00D83264 /* SystemInfo.swift in Sources */ = {isa = PBXBuildFile; fileRef = 969F703D2244C61E00D83264 /* SystemInfo.swift */; };
		969F70702244C61E00D83264 /* Utils.swift in Sources */ = {isa = PBXBuildFile; fileRef = 969F703E2244C61E00D83264 /* Utils.swift */; };
		969F70712244C61E00D83264 /* AutoLayoutHelper.swift in Sources */ = {isa = PBXBuildFile; fileRef = 969F70402244C61E00D83264 /* AutoLayoutHelper.swift */; };
		969F70722244C61E00D83264 /* RetryHandler.swift in Sources */ = {isa = PBXBuildFile; fileRef = 969F70412244C61E00D83264 /* RetryHandler.swift */; };
		969F70732244C61E00D83264 /* IndicatorViewer.swift in Sources */ = {isa = PBXBuildFile; fileRef = 969F70422244C61E00D83264 /* IndicatorViewer.swift */; };
		969F70742244C61E00D83264 /* ColorImageView.swift in Sources */ = {isa = PBXBuildFile; fileRef = 969F70442244C61E00D83264 /* ColorImageView.swift */; };
		969F70752244C61E00D83264 /* BaseTextView.swift in Sources */ = {isa = PBXBuildFile; fileRef = 969F70462244C61E00D83264 /* BaseTextView.swift */; };
		969F70762244C61E00D83264 /* InsetTextView.swift in Sources */ = {isa = PBXBuildFile; fileRef = 969F70472244C61E00D83264 /* InsetTextView.swift */; };
		969F707A2244C63B00D83264 /* SystemBoots.swift in Sources */ = {isa = PBXBuildFile; fileRef = 969F70782244C63B00D83264 /* SystemBoots.swift */; };
		969F707B2244C63B00D83264 /* NotificationService.swift in Sources */ = {isa = PBXBuildFile; fileRef = 969F70792244C63B00D83264 /* NotificationService.swift */; };
		969F70832244C73F00D83264 /* BaseNavigationVC.swift in Sources */ = {isa = PBXBuildFile; fileRef = 969F70812244C73F00D83264 /* BaseNavigationVC.swift */; };
		969F70842244C73F00D83264 /* BaseVC.swift in Sources */ = {isa = PBXBuildFile; fileRef = 969F70822244C73F00D83264 /* BaseVC.swift */; };
		969F70882244C78300D83264 /* LoadingVC.xib in Resources */ = {isa = PBXBuildFile; fileRef = 969F70862244C78300D83264 /* LoadingVC.xib */; };
		969F70892244C78300D83264 /* LoadingVC.swift in Sources */ = {isa = PBXBuildFile; fileRef = 969F70872244C78300D83264 /* LoadingVC.swift */; };
		969F708D2244D36B00D83264 /* ExerciseVC.swift in Sources */ = {isa = PBXBuildFile; fileRef = 969F708B2244D36B00D83264 /* ExerciseVC.swift */; };
		969F708E2244D36B00D83264 /* ExerciseVC.xib in Resources */ = {isa = PBXBuildFile; fileRef = 969F708C2244D36B00D83264 /* ExerciseVC.xib */; };
		96C98BB622768B9B008D57CB /* RealmSwift.framework in Frameworks */ = {isa = PBXBuildFile; fileRef = 96C98BB522768B9B008D57CB /* RealmSwift.framework */; };
		96C98BB822768BA4008D57CB /* Realm.framework in Frameworks */ = {isa = PBXBuildFile; fileRef = 96C98BB722768BA4008D57CB /* Realm.framework */; };
		96C98BBA22768E25008D57CB /* ExerciseClass.swift in Sources */ = {isa = PBXBuildFile; fileRef = 96C98BB922768E25008D57CB /* ExerciseClass.swift */; };
		96C98BBD2276E81C008D57CB /* SharedData.swift in Sources */ = {isa = PBXBuildFile; fileRef = 96C98BBC2276E81C008D57CB /* SharedData.swift */; };
		96C98BC12276F2FB008D57CB /* TutorialVC.swift in Sources */ = {isa = PBXBuildFile; fileRef = 96C98BBF2276F2FB008D57CB /* TutorialVC.swift */; };
		96C98BC22276F2FB008D57CB /* TutorialVC.xib in Resources */ = {isa = PBXBuildFile; fileRef = 96C98BC02276F2FB008D57CB /* TutorialVC.xib */; };
		96C98BC42276F788008D57CB /* ProfileClass.swift in Sources */ = {isa = PBXBuildFile; fileRef = 96C98BC32276F788008D57CB /* ProfileClass.swift */; };
		96D574452270B97200228AD0 /* Workout.swift in Sources */ = {isa = PBXBuildFile; fileRef = 96D574442270B97200228AD0 /* Workout.swift */; };
		96D574472270B97A00228AD0 /* Exercises.swift in Sources */ = {isa = PBXBuildFile; fileRef = 96D574462270B97A00228AD0 /* Exercises.swift */; };
		96D574492270BDA100228AD0 /* Json.swift in Sources */ = {isa = PBXBuildFile; fileRef = 96D574482270BDA100228AD0 /* Json.swift */; };
		96D574502270CEC400228AD0 /* UserProfile.swift in Sources */ = {isa = PBXBuildFile; fileRef = 96D5744F2270CEC300228AD0 /* UserProfile.swift */; };
		96D574522270CECF00228AD0 /* Result.swift in Sources */ = {isa = PBXBuildFile; fileRef = 96D574512270CECF00228AD0 /* Result.swift */; };
		96D574562270CEDC00228AD0 /* TrackingFitnessVC.xib in Resources */ = {isa = PBXBuildFile; fileRef = 96D574542270CEDC00228AD0 /* TrackingFitnessVC.xib */; };
		96D574572270CEDC00228AD0 /* TrackingFitnessVC.swift in Sources */ = {isa = PBXBuildFile; fileRef = 96D574552270CEDC00228AD0 /* TrackingFitnessVC.swift */; };
		96D5745B2270CEEC00228AD0 /* RegisterVC.swift in Sources */ = {isa = PBXBuildFile; fileRef = 96D574592270CEEC00228AD0 /* RegisterVC.swift */; };
		96D5745C2270CEEC00228AD0 /* RegisterVC.xib in Resources */ = {isa = PBXBuildFile; fileRef = 96D5745A2270CEEC00228AD0 /* RegisterVC.xib */; };
		96D574602270CEF600228AD0 /* LoginVC.swift in Sources */ = {isa = PBXBuildFile; fileRef = 96D5745E2270CEF600228AD0 /* LoginVC.swift */; };
		96D574612270CEF600228AD0 /* LoginVC.xib in Resources */ = {isa = PBXBuildFile; fileRef = 96D5745F2270CEF600228AD0 /* LoginVC.xib */; };
		96D574632270CFD000228AD0 /* DB.swift in Sources */ = {isa = PBXBuildFile; fileRef = 96D574622270CFCF00228AD0 /* DB.swift */; };
		96D574652270D03500228AD0 /* GoogleService-Info.plist in Resources */ = {isa = PBXBuildFile; fileRef = 96D574642270D03500228AD0 /* GoogleService-Info.plist */; };
		96D574672270FE6D00228AD0 /* ExerciseDetail.swift in Sources */ = {isa = PBXBuildFile; fileRef = 96D574662270FE6D00228AD0 /* ExerciseDetail.swift */; };
		96D5746B2270FFD300228AD0 /* HomeVC.swift in Sources */ = {isa = PBXBuildFile; fileRef = 96D574692270FFD300228AD0 /* HomeVC.swift */; };
		96D5746C2270FFD300228AD0 /* HomeVC.xib in Resources */ = {isa = PBXBuildFile; fileRef = 96D5746A2270FFD300228AD0 /* HomeVC.xib */; };
		96D574702271042E00228AD0 /* ExercisesCell.swift in Sources */ = {isa = PBXBuildFile; fileRef = 96D5746E2271042E00228AD0 /* ExercisesCell.swift */; };
		96D574712271042E00228AD0 /* ExercisesCell.xib in Resources */ = {isa = PBXBuildFile; fileRef = 96D5746F2271042E00228AD0 /* ExercisesCell.xib */; };
		96D57475227115CB00228AD0 /* AddExercisesVc.swift in Sources */ = {isa = PBXBuildFile; fileRef = 96D57473227115CB00228AD0 /* AddExercisesVc.swift */; };
		96D57476227115CB00228AD0 /* AddExercisesVc.xib in Resources */ = {isa = PBXBuildFile; fileRef = 96D57474227115CB00228AD0 /* AddExercisesVc.xib */; };
		96D5747922711B7F00228AD0 /* ItemExerciseDetailCell.swift in Sources */ = {isa = PBXBuildFile; fileRef = 96D5747722711B7F00228AD0 /* ItemExerciseDetailCell.swift */; };
		96D5747A22711B7F00228AD0 /* ItemExerciseDetailCell.xib in Resources */ = {isa = PBXBuildFile; fileRef = 96D5747822711B7F00228AD0 /* ItemExerciseDetailCell.xib */; };
		96D5747F227121B900228AD0 /* HeaderCell.swift in Sources */ = {isa = PBXBuildFile; fileRef = 96D5747D227121B900228AD0 /* HeaderCell.swift */; };
		96D57480227121B900228AD0 /* HeaderCell.xib in Resources */ = {isa = PBXBuildFile; fileRef = 96D5747E227121B900228AD0 /* HeaderCell.xib */; };
		96D57482227150FE00228AD0 /* Welcome.swift in Sources */ = {isa = PBXBuildFile; fileRef = 96D57481227150FE00228AD0 /* Welcome.swift */; };
/* End PBXBuildFile section */

/* Begin PBXFileReference section */
		9633C9B2224B250F00448D5B /* DoExerciseCell.swift */ = {isa = PBXFileReference; lastKnownFileType = sourcecode.swift; path = DoExerciseCell.swift; sourceTree = "<group>"; };
		9633C9B3224B250F00448D5B /* DoExerciseCell.xib */ = {isa = PBXFileReference; lastKnownFileType = file.xib; path = DoExerciseCell.xib; sourceTree = "<group>"; };
		9633C9B6224B2AC300448D5B /* Exercise.swift */ = {isa = PBXFileReference; lastKnownFileType = sourcecode.swift; path = Exercise.swift; sourceTree = "<group>"; };
		9633C9BA224B39B100448D5B /* PlayerViewClass.swift */ = {isa = PBXFileReference; lastKnownFileType = sourcecode.swift; path = PlayerViewClass.swift; sourceTree = "<group>"; };
		9633C9BD224B60C000448D5B /* ExerciseCell.swift */ = {isa = PBXFileReference; lastKnownFileType = sourcecode.swift; path = ExerciseCell.swift; sourceTree = "<group>"; };
		9633C9BE224B60C000448D5B /* ExerciseCell.xib */ = {isa = PBXFileReference; lastKnownFileType = file.xib; path = ExerciseCell.xib; sourceTree = "<group>"; };
		963BDEF3227532F6001C7A23 /* big_arm_circle.gif */ = {isa = PBXFileReference; lastKnownFileType = image.gif; path = big_arm_circle.gif; sourceTree = "<group>"; };
		963BDEF522753397001C7A23 /* GifImage.swift */ = {isa = PBXFileReference; lastKnownFileType = sourcecode.swift; path = GifImage.swift; sourceTree = "<group>"; };
		964CD07A22759D75007A79C1 /* TabbarVC.swift */ = {isa = PBXFileReference; lastKnownFileType = sourcecode.swift; path = TabbarVC.swift; sourceTree = "<group>"; };
		964CD07C22759FB0007A79C1 /* Extension.swift */ = {isa = PBXFileReference; fileEncoding = 4; lastKnownFileType = sourcecode.swift; path = Extension.swift; sourceTree = "<group>"; };
		964CD07F2275B23D007A79C1 /* ProfileVC.swift */ = {isa = PBXFileReference; lastKnownFileType = sourcecode.swift; path = ProfileVC.swift; sourceTree = "<group>"; };
		964CD0802275B23D007A79C1 /* ProfileVC.xib */ = {isa = PBXFileReference; lastKnownFileType = file.xib; path = ProfileVC.xib; sourceTree = "<group>"; };
		9663C039224491F8001DA7B1 /* Fitness_App.app */ = {isa = PBXFileReference; explicitFileType = wrapper.application; includeInIndex = 0; path = Fitness_App.app; sourceTree = BUILT_PRODUCTS_DIR; };
		9663C03C224491F9001DA7B1 /* AppDelegate.swift */ = {isa = PBXFileReference; lastKnownFileType = sourcecode.swift; path = AppDelegate.swift; sourceTree = "<group>"; };
		9663C03E224491F9001DA7B1 /* ViewController.swift */ = {isa = PBXFileReference; lastKnownFileType = sourcecode.swift; path = ViewController.swift; sourceTree = "<group>"; };
		9663C041224491F9001DA7B1 /* Base */ = {isa = PBXFileReference; lastKnownFileType = file.storyboard; name = Base; path = Base.lproj/Main.storyboard; sourceTree = "<group>"; };
		9663C043224491FA001DA7B1 /* Assets.xcassets */ = {isa = PBXFileReference; lastKnownFileType = folder.assetcatalog; path = Assets.xcassets; sourceTree = "<group>"; };
		9663C046224491FA001DA7B1 /* Base */ = {isa = PBXFileReference; lastKnownFileType = file.storyboard; name = Base; path = Base.lproj/LaunchScreen.storyboard; sourceTree = "<group>"; };
		9663C048224491FA001DA7B1 /* Info.plist */ = {isa = PBXFileReference; lastKnownFileType = text.plist.xml; path = Info.plist; sourceTree = "<group>"; };
		968BE6552276820F006651A8 /* ExercisesClass.swift */ = {isa = PBXFileReference; lastKnownFileType = sourcecode.swift; path = ExercisesClass.swift; sourceTree = "<group>"; };
		9697388C225463430064A432 /* bent_elbow_shoulder_circle_3.png */ = {isa = PBXFileReference; lastKnownFileType = image.png; name = bent_elbow_shoulder_circle_3.png; path = ../../../../image/bent_elbow_shoulder_circle_3.png; sourceTree = "<group>"; };
		9697388D225463430064A432 /* bent_elbow_shoulder_circle_2.png */ = {isa = PBXFileReference; lastKnownFileType = image.png; name = bent_elbow_shoulder_circle_2.png; path = ../../../../image/bent_elbow_shoulder_circle_2.png; sourceTree = "<group>"; };
		9697388E225463430064A432 /* bent_elbow_shoulder_circle_1.png */ = {isa = PBXFileReference; lastKnownFileType = image.png; name = bent_elbow_shoulder_circle_1.png; path = ../../../../image/bent_elbow_shoulder_circle_1.png; sourceTree = "<group>"; };
		969F6FFF2244C5EB00D83264 /* CheckBox.swift */ = {isa = PBXFileReference; fileEncoding = 4; lastKnownFileType = sourcecode.swift; path = CheckBox.swift; sourceTree = "<group>"; };
		969F70002244C5EB00D83264 /* ShadowButton.swift */ = {isa = PBXFileReference; fileEncoding = 4; lastKnownFileType = sourcecode.swift; path = ShadowButton.swift; sourceTree = "<group>"; };
		969F70012244C5EB00D83264 /* GradientButton.swift */ = {isa = PBXFileReference; fileEncoding = 4; lastKnownFileType = sourcecode.swift; path = GradientButton.swift; sourceTree = "<group>"; };
		969F70052244C60500D83264 /* BaseCollectionView.swift */ = {isa = PBXFileReference; fileEncoding = 4; lastKnownFileType = sourcecode.swift; path = BaseCollectionView.swift; sourceTree = "<group>"; };
		969F70082244C61D00D83264 /* TapActionView.swift */ = {isa = PBXFileReference; fileEncoding = 4; lastKnownFileType = sourcecode.swift; path = TapActionView.swift; sourceTree = "<group>"; };
		969F70092244C61D00D83264 /* CustomNibView.swift */ = {isa = PBXFileReference; fileEncoding = 4; lastKnownFileType = sourcecode.swift; path = CustomNibView.swift; sourceTree = "<group>"; };
		969F700A2244C61D00D83264 /* RoundedView.swift */ = {isa = PBXFileReference; fileEncoding = 4; lastKnownFileType = sourcecode.swift; path = RoundedView.swift; sourceTree = "<group>"; };
		969F700B2244C61D00D83264 /* ShadowView.swift */ = {isa = PBXFileReference; fileEncoding = 4; lastKnownFileType = sourcecode.swift; path = ShadowView.swift; sourceTree = "<group>"; };
		969F700C2244C61D00D83264 /* GradientView.swift */ = {isa = PBXFileReference; fileEncoding = 4; lastKnownFileType = sourcecode.swift; path = GradientView.swift; sourceTree = "<group>"; };
		969F700E2244C61D00D83264 /* KeyboardHandlerScrollView.swift */ = {isa = PBXFileReference; fileEncoding = 4; lastKnownFileType = sourcecode.swift; path = KeyboardHandlerScrollView.swift; sourceTree = "<group>"; };
		969F70102244C61D00D83264 /* VCService.swift */ = {isa = PBXFileReference; fileEncoding = 4; lastKnownFileType = sourcecode.swift; path = VCService.swift; sourceTree = "<group>"; };
		969F70112244C61D00D83264 /* CameraPhotoService.swift */ = {isa = PBXFileReference; fileEncoding = 4; lastKnownFileType = sourcecode.swift; path = CameraPhotoService.swift; sourceTree = "<group>"; };
		969F70132244C61D00D83264 /* BaseTableView.swift */ = {isa = PBXFileReference; fileEncoding = 4; lastKnownFileType = sourcecode.swift; path = BaseTableView.swift; sourceTree = "<group>"; };
		969F70152244C61D00D83264 /* BaseTextField.swift */ = {isa = PBXFileReference; fileEncoding = 4; lastKnownFileType = sourcecode.swift; path = BaseTextField.swift; sourceTree = "<group>"; };
		969F70162244C61D00D83264 /* BorderTextField.swift */ = {isa = PBXFileReference; fileEncoding = 4; lastKnownFileType = sourcecode.swift; path = BorderTextField.swift; sourceTree = "<group>"; };
		969F70172244C61D00D83264 /* InsetTextField.swift */ = {isa = PBXFileReference; fileEncoding = 4; lastKnownFileType = sourcecode.swift; path = InsetTextField.swift; sourceTree = "<group>"; };
		969F70192244C61D00D83264 /* GradientLayer.swift */ = {isa = PBXFileReference; fileEncoding = 4; lastKnownFileType = sourcecode.swift; path = GradientLayer.swift; sourceTree = "<group>"; };
		969F701D2244C61E00D83264 /* UIFont+Extension.swift */ = {isa = PBXFileReference; fileEncoding = 4; lastKnownFileType = sourcecode.swift; path = "UIFont+Extension.swift"; sourceTree = "<group>"; };
		969F701F2244C61E00D83264 /* Date+Extension.swift */ = {isa = PBXFileReference; fileEncoding = 4; lastKnownFileType = sourcecode.swift; path = "Date+Extension.swift"; sourceTree = "<group>"; };
		969F70212244C61E00D83264 /* UIApplication+Extension.swift */ = {isa = PBXFileReference; fileEncoding = 4; lastKnownFileType = sourcecode.swift; path = "UIApplication+Extension.swift"; sourceTree = "<group>"; };
		969F70222244C61E00D83264 /* UIAlertController+Extension.swift */ = {isa = PBXFileReference; fileEncoding = 4; lastKnownFileType = sourcecode.swift; path = "UIAlertController+Extension.swift"; sourceTree = "<group>"; };
		969F70232244C61E00D83264 /* UINavigationController+Extension.swift */ = {isa = PBXFileReference; fileEncoding = 4; lastKnownFileType = sourcecode.swift; path = "UINavigationController+Extension.swift"; sourceTree = "<group>"; };
		969F70242244C61E00D83264 /* UIViewController+Extension.swift */ = {isa = PBXFileReference; fileEncoding = 4; lastKnownFileType = sourcecode.swift; path = "UIViewController+Extension.swift"; sourceTree = "<group>"; };
		969F70262244C61E00D83264 /* Int+Extension.swift */ = {isa = PBXFileReference; fileEncoding = 4; lastKnownFileType = sourcecode.swift; path = "Int+Extension.swift"; sourceTree = "<group>"; };
		969F70272244C61E00D83264 /* Float+Extension.swift */ = {isa = PBXFileReference; fileEncoding = 4; lastKnownFileType = sourcecode.swift; path = "Float+Extension.swift"; sourceTree = "<group>"; };
		969F70292244C61E00D83264 /* UIImageView+Extension.swift */ = {isa = PBXFileReference; fileEncoding = 4; lastKnownFileType = sourcecode.swift; path = "UIImageView+Extension.swift"; sourceTree = "<group>"; };
		969F702A2244C61E00D83264 /* UILabel+Extension.swift */ = {isa = PBXFileReference; fileEncoding = 4; lastKnownFileType = sourcecode.swift; path = "UILabel+Extension.swift"; sourceTree = "<group>"; };
		969F702B2244C61E00D83264 /* UIButton+Extension.swift */ = {isa = PBXFileReference; fileEncoding = 4; lastKnownFileType = sourcecode.swift; path = "UIButton+Extension.swift"; sourceTree = "<group>"; };
		969F702C2244C61E00D83264 /* UIView+Extension.swift */ = {isa = PBXFileReference; fileEncoding = 4; lastKnownFileType = sourcecode.swift; path = "UIView+Extension.swift"; sourceTree = "<group>"; };
		969F702D2244C61E00D83264 /* UIImage+Extension.swift */ = {isa = PBXFileReference; fileEncoding = 4; lastKnownFileType = sourcecode.swift; path = "UIImage+Extension.swift"; sourceTree = "<group>"; };
		969F702E2244C61E00D83264 /* UITextView+Extension.swift */ = {isa = PBXFileReference; fileEncoding = 4; lastKnownFileType = sourcecode.swift; path = "UITextView+Extension.swift"; sourceTree = "<group>"; };
		969F702F2244C61E00D83264 /* UIScrollView+Extension.swift */ = {isa = PBXFileReference; fileEncoding = 4; lastKnownFileType = sourcecode.swift; path = "UIScrollView+Extension.swift"; sourceTree = "<group>"; };
		969F70302244C61E00D83264 /* UITextField+Extension.swift */ = {isa = PBXFileReference; fileEncoding = 4; lastKnownFileType = sourcecode.swift; path = "UITextField+Extension.swift"; sourceTree = "<group>"; };
		969F70322244C61E00D83264 /* AttributeString+Extension.swift */ = {isa = PBXFileReference; fileEncoding = 4; lastKnownFileType = sourcecode.swift; path = "AttributeString+Extension.swift"; sourceTree = "<group>"; };
		969F70332244C61E00D83264 /* String+Extension.swift */ = {isa = PBXFileReference; fileEncoding = 4; lastKnownFileType = sourcecode.swift; path = "String+Extension.swift"; sourceTree = "<group>"; };
		969F70352244C61E00D83264 /* BasePicker.swift */ = {isa = PBXFileReference; fileEncoding = 4; lastKnownFileType = sourcecode.swift; path = BasePicker.swift; sourceTree = "<group>"; };
		969F70362244C61E00D83264 /* PickerViewer.swift */ = {isa = PBXFileReference; fileEncoding = 4; lastKnownFileType = sourcecode.swift; path = PickerViewer.swift; sourceTree = "<group>"; };
		969F70372244C61E00D83264 /* TextPicker.swift */ = {isa = PBXFileReference; fileEncoding = 4; lastKnownFileType = sourcecode.swift; path = TextPicker.swift; sourceTree = "<group>"; };
		969F70382244C61E00D83264 /* DateTimePicker.xib */ = {isa = PBXFileReference; fileEncoding = 4; lastKnownFileType = file.xib; path = DateTimePicker.xib; sourceTree = "<group>"; };
		969F70392244C61E00D83264 /* TextPicker.xib */ = {isa = PBXFileReference; fileEncoding = 4; lastKnownFileType = file.xib; path = TextPicker.xib; sourceTree = "<group>"; };
		969F703A2244C61E00D83264 /* DateTimePicker.swift */ = {isa = PBXFileReference; fileEncoding = 4; lastKnownFileType = sourcecode.swift; path = DateTimePicker.swift; sourceTree = "<group>"; };
		969F703C2244C61E00D83264 /* Permission.swift */ = {isa = PBXFileReference; fileEncoding = 4; lastKnownFileType = sourcecode.swift; path = Permission.swift; sourceTree = "<group>"; };
		969F703D2244C61E00D83264 /* SystemInfo.swift */ = {isa = PBXFileReference; fileEncoding = 4; lastKnownFileType = sourcecode.swift; path = SystemInfo.swift; sourceTree = "<group>"; };
		969F703E2244C61E00D83264 /* Utils.swift */ = {isa = PBXFileReference; fileEncoding = 4; lastKnownFileType = sourcecode.swift; path = Utils.swift; sourceTree = "<group>"; };
		969F70402244C61E00D83264 /* AutoLayoutHelper.swift */ = {isa = PBXFileReference; fileEncoding = 4; lastKnownFileType = sourcecode.swift; path = AutoLayoutHelper.swift; sourceTree = "<group>"; };
		969F70412244C61E00D83264 /* RetryHandler.swift */ = {isa = PBXFileReference; fileEncoding = 4; lastKnownFileType = sourcecode.swift; path = RetryHandler.swift; sourceTree = "<group>"; };
		969F70422244C61E00D83264 /* IndicatorViewer.swift */ = {isa = PBXFileReference; fileEncoding = 4; lastKnownFileType = sourcecode.swift; path = IndicatorViewer.swift; sourceTree = "<group>"; };
		969F70442244C61E00D83264 /* ColorImageView.swift */ = {isa = PBXFileReference; fileEncoding = 4; lastKnownFileType = sourcecode.swift; path = ColorImageView.swift; sourceTree = "<group>"; };
		969F70462244C61E00D83264 /* BaseTextView.swift */ = {isa = PBXFileReference; fileEncoding = 4; lastKnownFileType = sourcecode.swift; path = BaseTextView.swift; sourceTree = "<group>"; };
		969F70472244C61E00D83264 /* InsetTextView.swift */ = {isa = PBXFileReference; fileEncoding = 4; lastKnownFileType = sourcecode.swift; path = InsetTextView.swift; sourceTree = "<group>"; };
		969F70782244C63B00D83264 /* SystemBoots.swift */ = {isa = PBXFileReference; fileEncoding = 4; lastKnownFileType = sourcecode.swift; path = SystemBoots.swift; sourceTree = "<group>"; };
		969F70792244C63B00D83264 /* NotificationService.swift */ = {isa = PBXFileReference; fileEncoding = 4; lastKnownFileType = sourcecode.swift; path = NotificationService.swift; sourceTree = "<group>"; };
		969F70812244C73F00D83264 /* BaseNavigationVC.swift */ = {isa = PBXFileReference; fileEncoding = 4; lastKnownFileType = sourcecode.swift; path = BaseNavigationVC.swift; sourceTree = "<group>"; };
		969F70822244C73F00D83264 /* BaseVC.swift */ = {isa = PBXFileReference; fileEncoding = 4; lastKnownFileType = sourcecode.swift; path = BaseVC.swift; sourceTree = "<group>"; };
		969F70862244C78300D83264 /* LoadingVC.xib */ = {isa = PBXFileReference; fileEncoding = 4; lastKnownFileType = file.xib; path = LoadingVC.xib; sourceTree = "<group>"; };
		969F70872244C78300D83264 /* LoadingVC.swift */ = {isa = PBXFileReference; fileEncoding = 4; lastKnownFileType = sourcecode.swift; path = LoadingVC.swift; sourceTree = "<group>"; };
		969F708B2244D36B00D83264 /* ExerciseVC.swift */ = {isa = PBXFileReference; lastKnownFileType = sourcecode.swift; path = ExerciseVC.swift; sourceTree = "<group>"; };
		969F708C2244D36B00D83264 /* ExerciseVC.xib */ = {isa = PBXFileReference; lastKnownFileType = file.xib; path = ExerciseVC.xib; sourceTree = "<group>"; };
		96C98BB522768B9B008D57CB /* RealmSwift.framework */ = {isa = PBXFileReference; explicitFileType = wrapper.framework; path = RealmSwift.framework; sourceTree = BUILT_PRODUCTS_DIR; };
		96C98BB722768BA4008D57CB /* Realm.framework */ = {isa = PBXFileReference; explicitFileType = wrapper.framework; path = Realm.framework; sourceTree = BUILT_PRODUCTS_DIR; };
		96C98BB922768E25008D57CB /* ExerciseClass.swift */ = {isa = PBXFileReference; lastKnownFileType = sourcecode.swift; path = ExerciseClass.swift; sourceTree = "<group>"; };
		96C98BBC2276E81C008D57CB /* SharedData.swift */ = {isa = PBXFileReference; fileEncoding = 4; lastKnownFileType = sourcecode.swift; path = SharedData.swift; sourceTree = "<group>"; };
		96C98BBF2276F2FB008D57CB /* TutorialVC.swift */ = {isa = PBXFileReference; lastKnownFileType = sourcecode.swift; path = TutorialVC.swift; sourceTree = "<group>"; };
		96C98BC02276F2FB008D57CB /* TutorialVC.xib */ = {isa = PBXFileReference; lastKnownFileType = file.xib; path = TutorialVC.xib; sourceTree = "<group>"; };
		96C98BC32276F788008D57CB /* ProfileClass.swift */ = {isa = PBXFileReference; lastKnownFileType = sourcecode.swift; path = ProfileClass.swift; sourceTree = "<group>"; };
		96D574442270B97200228AD0 /* Workout.swift */ = {isa = PBXFileReference; fileEncoding = 4; lastKnownFileType = sourcecode.swift; path = Workout.swift; sourceTree = "<group>"; };
		96D574462270B97A00228AD0 /* Exercises.swift */ = {isa = PBXFileReference; fileEncoding = 4; lastKnownFileType = sourcecode.swift; path = Exercises.swift; sourceTree = "<group>"; };
		96D574482270BDA100228AD0 /* Json.swift */ = {isa = PBXFileReference; lastKnownFileType = sourcecode.swift; path = Json.swift; sourceTree = "<group>"; };
		96D5744F2270CEC300228AD0 /* UserProfile.swift */ = {isa = PBXFileReference; fileEncoding = 4; lastKnownFileType = sourcecode.swift; path = UserProfile.swift; sourceTree = "<group>"; };
		96D574512270CECF00228AD0 /* Result.swift */ = {isa = PBXFileReference; fileEncoding = 4; lastKnownFileType = sourcecode.swift; path = Result.swift; sourceTree = "<group>"; };
		96D574542270CEDC00228AD0 /* TrackingFitnessVC.xib */ = {isa = PBXFileReference; fileEncoding = 4; lastKnownFileType = file.xib; path = TrackingFitnessVC.xib; sourceTree = "<group>"; };
		96D574552270CEDC00228AD0 /* TrackingFitnessVC.swift */ = {isa = PBXFileReference; fileEncoding = 4; lastKnownFileType = sourcecode.swift; path = TrackingFitnessVC.swift; sourceTree = "<group>"; };
		96D574592270CEEC00228AD0 /* RegisterVC.swift */ = {isa = PBXFileReference; fileEncoding = 4; lastKnownFileType = sourcecode.swift; path = RegisterVC.swift; sourceTree = "<group>"; };
		96D5745A2270CEEC00228AD0 /* RegisterVC.xib */ = {isa = PBXFileReference; fileEncoding = 4; lastKnownFileType = file.xib; path = RegisterVC.xib; sourceTree = "<group>"; };
		96D5745E2270CEF600228AD0 /* LoginVC.swift */ = {isa = PBXFileReference; fileEncoding = 4; lastKnownFileType = sourcecode.swift; path = LoginVC.swift; sourceTree = "<group>"; };
		96D5745F2270CEF600228AD0 /* LoginVC.xib */ = {isa = PBXFileReference; fileEncoding = 4; lastKnownFileType = file.xib; path = LoginVC.xib; sourceTree = "<group>"; };
		96D574622270CFCF00228AD0 /* DB.swift */ = {isa = PBXFileReference; fileEncoding = 4; lastKnownFileType = sourcecode.swift; path = DB.swift; sourceTree = "<group>"; };
		96D574642270D03500228AD0 /* GoogleService-Info.plist */ = {isa = PBXFileReference; fileEncoding = 4; lastKnownFileType = text.plist.xml; path = "GoogleService-Info.plist"; sourceTree = "<group>"; };
		96D574662270FE6D00228AD0 /* ExerciseDetail.swift */ = {isa = PBXFileReference; lastKnownFileType = sourcecode.swift; path = ExerciseDetail.swift; sourceTree = "<group>"; };
		96D574692270FFD300228AD0 /* HomeVC.swift */ = {isa = PBXFileReference; lastKnownFileType = sourcecode.swift; path = HomeVC.swift; sourceTree = "<group>"; };
		96D5746A2270FFD300228AD0 /* HomeVC.xib */ = {isa = PBXFileReference; lastKnownFileType = file.xib; path = HomeVC.xib; sourceTree = "<group>"; };
		96D5746E2271042E00228AD0 /* ExercisesCell.swift */ = {isa = PBXFileReference; lastKnownFileType = sourcecode.swift; path = ExercisesCell.swift; sourceTree = "<group>"; };
		96D5746F2271042E00228AD0 /* ExercisesCell.xib */ = {isa = PBXFileReference; lastKnownFileType = file.xib; path = ExercisesCell.xib; sourceTree = "<group>"; };
		96D57473227115CB00228AD0 /* AddExercisesVc.swift */ = {isa = PBXFileReference; lastKnownFileType = sourcecode.swift; path = AddExercisesVc.swift; sourceTree = "<group>"; };
		96D57474227115CB00228AD0 /* AddExercisesVc.xib */ = {isa = PBXFileReference; lastKnownFileType = file.xib; path = AddExercisesVc.xib; sourceTree = "<group>"; };
		96D5747722711B7F00228AD0 /* ItemExerciseDetailCell.swift */ = {isa = PBXFileReference; lastKnownFileType = sourcecode.swift; path = ItemExerciseDetailCell.swift; sourceTree = "<group>"; };
		96D5747822711B7F00228AD0 /* ItemExerciseDetailCell.xib */ = {isa = PBXFileReference; lastKnownFileType = file.xib; path = ItemExerciseDetailCell.xib; sourceTree = "<group>"; };
		96D5747D227121B900228AD0 /* HeaderCell.swift */ = {isa = PBXFileReference; lastKnownFileType = sourcecode.swift; path = HeaderCell.swift; sourceTree = "<group>"; };
		96D5747E227121B900228AD0 /* HeaderCell.xib */ = {isa = PBXFileReference; lastKnownFileType = file.xib; path = HeaderCell.xib; sourceTree = "<group>"; };
		96D57481227150FE00228AD0 /* Welcome.swift */ = {isa = PBXFileReference; lastKnownFileType = sourcecode.swift; path = Welcome.swift; sourceTree = "<group>"; };
		D63B276F7E609B0B96435B2C /* Pods-Fitness_App.release.xcconfig */ = {isa = PBXFileReference; includeInIndex = 1; lastKnownFileType = text.xcconfig; name = "Pods-Fitness_App.release.xcconfig"; path = "Pods/Target Support Files/Pods-Fitness_App/Pods-Fitness_App.release.xcconfig"; sourceTree = "<group>"; };
		DE8B75E301DD0026D0BB892C /* Pods_Fitness_App.framework */ = {isa = PBXFileReference; explicitFileType = wrapper.framework; includeInIndex = 0; path = Pods_Fitness_App.framework; sourceTree = BUILT_PRODUCTS_DIR; };
		F50E53F3B60895225092BDC7 /* Pods-Fitness_App.debug.xcconfig */ = {isa = PBXFileReference; includeInIndex = 1; lastKnownFileType = text.xcconfig; name = "Pods-Fitness_App.debug.xcconfig"; path = "Pods/Target Support Files/Pods-Fitness_App/Pods-Fitness_App.debug.xcconfig"; sourceTree = "<group>"; };
/* End PBXFileReference section */

/* Begin PBXFrameworksBuildPhase section */
		9663C036224491F8001DA7B1 /* Frameworks */ = {
			isa = PBXFrameworksBuildPhase;
			buildActionMask = 2147483647;
			files = (
				96C98BB822768BA4008D57CB /* Realm.framework in Frameworks */,
				96C98BB622768B9B008D57CB /* RealmSwift.framework in Frameworks */,
				2900A27B1B2F483944F3A2D3 /* Pods_Fitness_App.framework in Frameworks */,
			);
			runOnlyForDeploymentPostprocessing = 0;
		};
/* End PBXFrameworksBuildPhase section */

/* Begin PBXGroup section */
		34AE0FB78156828F245BB6D4 /* Frameworks */ = {
			isa = PBXGroup;
			children = (
				96C98BB722768BA4008D57CB /* Realm.framework */,
				96C98BB522768B9B008D57CB /* RealmSwift.framework */,
				DE8B75E301DD0026D0BB892C /* Pods_Fitness_App.framework */,
			);
			name = Frameworks;
			sourceTree = "<group>";
		};
		5C774F0439C2949DB387C8FB /* Pods */ = {
			isa = PBXGroup;
			children = (
				F50E53F3B60895225092BDC7 /* Pods-Fitness_App.debug.xcconfig */,
				D63B276F7E609B0B96435B2C /* Pods-Fitness_App.release.xcconfig */,
			);
			name = Pods;
			sourceTree = "<group>";
		};
		9633C9B0224B249600448D5B /* Cell */ = {
			isa = PBXGroup;
			children = (
				9633C9BC224B605D00448D5B /* ItemExercise */,
				9633C9B1224B24AA00448D5B /* DoExercise */,
			);
			path = Cell;
			sourceTree = "<group>";
		};
		9633C9B1224B24AA00448D5B /* DoExercise */ = {
			isa = PBXGroup;
			children = (
				9633C9B2224B250F00448D5B /* DoExerciseCell.swift */,
				9633C9B3224B250F00448D5B /* DoExerciseCell.xib */,
				9633C9BA224B39B100448D5B /* PlayerViewClass.swift */,
			);
			path = DoExercise;
			sourceTree = "<group>";
		};
		9633C9BC224B605D00448D5B /* ItemExercise */ = {
			isa = PBXGroup;
			children = (
				9633C9BD224B60C000448D5B /* ExerciseCell.swift */,
				9633C9BE224B60C000448D5B /* ExerciseCell.xib */,
			);
			path = ItemExercise;
			sourceTree = "<group>";
		};
		964CD07E2275B213007A79C1 /* Profile */ = {
			isa = PBXGroup;
			children = (
				964CD07F2275B23D007A79C1 /* ProfileVC.swift */,
				964CD0802275B23D007A79C1 /* ProfileVC.xib */,
			);
			path = Profile;
			sourceTree = "<group>";
		};
		9663C030224491F8001DA7B1 = {
			isa = PBXGroup;
			children = (
				9663C03B224491F8001DA7B1 /* Fitness_App */,
				9663C03A224491F8001DA7B1 /* Products */,
				5C774F0439C2949DB387C8FB /* Pods */,
				34AE0FB78156828F245BB6D4 /* Frameworks */,
			);
			sourceTree = "<group>";
		};
		9663C03A224491F8001DA7B1 /* Products */ = {
			isa = PBXGroup;
			children = (
				9663C039224491F8001DA7B1 /* Fitness_App.app */,
			);
			name = Products;
			sourceTree = "<group>";
		};
		9663C03B224491F8001DA7B1 /* Fitness_App */ = {
			isa = PBXGroup;
			children = (
				969F6FFC2244C53500D83264 /* Application */,
				969F6FFA2244C3FF00D83264 /* Libraries */,
				969F707D2244C69200D83264 /* Constaints */,
				969F707F2244C6D300D83264 /* Controllers */,
				969F707E2244C6C500D83264 /* Models */,
				969F707C2244C65300D83264 /* Resources */,
				969F70772244C63B00D83264 /* Services */,
				9663C040224491F9001DA7B1 /* Main.storyboard */,
				9663C03E224491F9001DA7B1 /* ViewController.swift */,
				96D574642270D03500228AD0 /* GoogleService-Info.plist */,
			);
			path = Fitness_App;
			sourceTree = "<group>";
		};
		9697388B225463130064A432 /* image */ = {
			isa = PBXGroup;
			children = (
				963BDEF3227532F6001C7A23 /* big_arm_circle.gif */,
				9697388E225463430064A432 /* bent_elbow_shoulder_circle_1.png */,
				9697388D225463430064A432 /* bent_elbow_shoulder_circle_2.png */,
				9697388C225463430064A432 /* bent_elbow_shoulder_circle_3.png */,
			);
			path = image;
			sourceTree = "<group>";
		};
		969F6FFA2244C3FF00D83264 /* Libraries */ = {
			isa = PBXGroup;
			children = (
				969F70432244C61E00D83264 /* ImageView */,
				969F70182244C61D00D83264 /* Layer */,
				969F700D2244C61D00D83264 /* ScrollView */,
				969F700F2244C61D00D83264 /* Services */,
				969F70122244C61D00D83264 /* TableView */,
				969F70142244C61D00D83264 /* TextField */,
				969F70452244C61E00D83264 /* TextView */,
				969F701A2244C61E00D83264 /* Utilities */,
				969F70072244C61D00D83264 /* View */,
				969F6FFE2244C5A200D83264 /* CollectionView */,
				969F6FFD2244C59B00D83264 /* Button */,
			);
			path = Libraries;
			sourceTree = "<group>";
		};
		969F6FFC2244C53500D83264 /* Application */ = {
			isa = PBXGroup;
			children = (
				9663C03C224491F9001DA7B1 /* AppDelegate.swift */,
				9663C045224491FA001DA7B1 /* LaunchScreen.storyboard */,
				9663C048224491FA001DA7B1 /* Info.plist */,
			);
			path = Application;
			sourceTree = "<group>";
		};
		969F6FFD2244C59B00D83264 /* Button */ = {
			isa = PBXGroup;
			children = (
				969F6FFF2244C5EB00D83264 /* CheckBox.swift */,
				969F70012244C5EB00D83264 /* GradientButton.swift */,
				969F70002244C5EB00D83264 /* ShadowButton.swift */,
			);
			path = Button;
			sourceTree = "<group>";
		};
		969F6FFE2244C5A200D83264 /* CollectionView */ = {
			isa = PBXGroup;
			children = (
				969F70052244C60500D83264 /* BaseCollectionView.swift */,
			);
			path = CollectionView;
			sourceTree = "<group>";
		};
		969F70072244C61D00D83264 /* View */ = {
			isa = PBXGroup;
			children = (
				969F70082244C61D00D83264 /* TapActionView.swift */,
				969F70092244C61D00D83264 /* CustomNibView.swift */,
				969F700A2244C61D00D83264 /* RoundedView.swift */,
				969F700B2244C61D00D83264 /* ShadowView.swift */,
				969F700C2244C61D00D83264 /* GradientView.swift */,
			);
			path = View;
			sourceTree = "<group>";
		};
		969F700D2244C61D00D83264 /* ScrollView */ = {
			isa = PBXGroup;
			children = (
				969F700E2244C61D00D83264 /* KeyboardHandlerScrollView.swift */,
			);
			path = ScrollView;
			sourceTree = "<group>";
		};
		969F700F2244C61D00D83264 /* Services */ = {
			isa = PBXGroup;
			children = (
				969F70102244C61D00D83264 /* VCService.swift */,
				969F70112244C61D00D83264 /* CameraPhotoService.swift */,
			);
			path = Services;
			sourceTree = "<group>";
		};
		969F70122244C61D00D83264 /* TableView */ = {
			isa = PBXGroup;
			children = (
				969F70132244C61D00D83264 /* BaseTableView.swift */,
			);
			path = TableView;
			sourceTree = "<group>";
		};
		969F70142244C61D00D83264 /* TextField */ = {
			isa = PBXGroup;
			children = (
				969F70152244C61D00D83264 /* BaseTextField.swift */,
				969F70162244C61D00D83264 /* BorderTextField.swift */,
				969F70172244C61D00D83264 /* InsetTextField.swift */,
			);
			path = TextField;
			sourceTree = "<group>";
		};
		969F70182244C61D00D83264 /* Layer */ = {
			isa = PBXGroup;
			children = (
				969F70192244C61D00D83264 /* GradientLayer.swift */,
			);
			path = Layer;
			sourceTree = "<group>";
		};
		969F701A2244C61E00D83264 /* Utilities */ = {
			isa = PBXGroup;
			children = (
				969F701B2244C61E00D83264 /* Extension */,
				969F70342244C61E00D83264 /* Picker */,
				969F703B2244C61E00D83264 /* Utils */,
				969F703F2244C61E00D83264 /* Helper */,
			);
			path = Utilities;
			sourceTree = "<group>";
		};
		969F701B2244C61E00D83264 /* Extension */ = {
			isa = PBXGroup;
			children = (
				969F701C2244C61E00D83264 /* Other */,
				969F70202244C61E00D83264 /* Controller */,
				969F70252244C61E00D83264 /* Numeric */,
				969F70282244C61E00D83264 /* View */,
				969F70312244C61E00D83264 /* Text */,
			);
			path = Extension;
			sourceTree = "<group>";
		};
		969F701C2244C61E00D83264 /* Other */ = {
			isa = PBXGroup;
			children = (
				964CD07C22759FB0007A79C1 /* Extension.swift */,
				969F701D2244C61E00D83264 /* UIFont+Extension.swift */,
				969F701F2244C61E00D83264 /* Date+Extension.swift */,
			);
			path = Other;
			sourceTree = "<group>";
		};
		969F70202244C61E00D83264 /* Controller */ = {
			isa = PBXGroup;
			children = (
				969F70212244C61E00D83264 /* UIApplication+Extension.swift */,
				969F70222244C61E00D83264 /* UIAlertController+Extension.swift */,
				969F70232244C61E00D83264 /* UINavigationController+Extension.swift */,
				969F70242244C61E00D83264 /* UIViewController+Extension.swift */,
			);
			path = Controller;
			sourceTree = "<group>";
		};
		969F70252244C61E00D83264 /* Numeric */ = {
			isa = PBXGroup;
			children = (
				969F70262244C61E00D83264 /* Int+Extension.swift */,
				969F70272244C61E00D83264 /* Float+Extension.swift */,
			);
			path = Numeric;
			sourceTree = "<group>";
		};
		969F70282244C61E00D83264 /* View */ = {
			isa = PBXGroup;
			children = (
				969F70292244C61E00D83264 /* UIImageView+Extension.swift */,
				969F702A2244C61E00D83264 /* UILabel+Extension.swift */,
				969F702B2244C61E00D83264 /* UIButton+Extension.swift */,
				969F702C2244C61E00D83264 /* UIView+Extension.swift */,
				969F702D2244C61E00D83264 /* UIImage+Extension.swift */,
				969F702E2244C61E00D83264 /* UITextView+Extension.swift */,
				969F702F2244C61E00D83264 /* UIScrollView+Extension.swift */,
				969F70302244C61E00D83264 /* UITextField+Extension.swift */,
			);
			path = View;
			sourceTree = "<group>";
		};
		969F70312244C61E00D83264 /* Text */ = {
			isa = PBXGroup;
			children = (
				969F70322244C61E00D83264 /* AttributeString+Extension.swift */,
				969F70332244C61E00D83264 /* String+Extension.swift */,
			);
			path = Text;
			sourceTree = "<group>";
		};
		969F70342244C61E00D83264 /* Picker */ = {
			isa = PBXGroup;
			children = (
				969F70352244C61E00D83264 /* BasePicker.swift */,
				969F70362244C61E00D83264 /* PickerViewer.swift */,
				969F70372244C61E00D83264 /* TextPicker.swift */,
				969F70382244C61E00D83264 /* DateTimePicker.xib */,
				969F70392244C61E00D83264 /* TextPicker.xib */,
				969F703A2244C61E00D83264 /* DateTimePicker.swift */,
			);
			path = Picker;
			sourceTree = "<group>";
		};
		969F703B2244C61E00D83264 /* Utils */ = {
			isa = PBXGroup;
			children = (
				969F703C2244C61E00D83264 /* Permission.swift */,
				969F703D2244C61E00D83264 /* SystemInfo.swift */,
				969F703E2244C61E00D83264 /* Utils.swift */,
			);
			path = Utils;
			sourceTree = "<group>";
		};
		969F703F2244C61E00D83264 /* Helper */ = {
			isa = PBXGroup;
			children = (
				969F70402244C61E00D83264 /* AutoLayoutHelper.swift */,
				969F70412244C61E00D83264 /* RetryHandler.swift */,
				969F70422244C61E00D83264 /* IndicatorViewer.swift */,
			);
			path = Helper;
			sourceTree = "<group>";
		};
		969F70432244C61E00D83264 /* ImageView */ = {
			isa = PBXGroup;
			children = (
				969F70442244C61E00D83264 /* ColorImageView.swift */,
				963BDEF522753397001C7A23 /* GifImage.swift */,
			);
			path = ImageView;
			sourceTree = "<group>";
		};
		969F70452244C61E00D83264 /* TextView */ = {
			isa = PBXGroup;
			children = (
				969F70462244C61E00D83264 /* BaseTextView.swift */,
				969F70472244C61E00D83264 /* InsetTextView.swift */,
			);
			path = TextView;
			sourceTree = "<group>";
		};
		969F70772244C63B00D83264 /* Services */ = {
			isa = PBXGroup;
			children = (
				969F70782244C63B00D83264 /* SystemBoots.swift */,
				969F70792244C63B00D83264 /* NotificationService.swift */,
			);
			path = Services;
			sourceTree = "<group>";
		};
		969F707C2244C65300D83264 /* Resources */ = {
			isa = PBXGroup;
			children = (
				9697388B225463130064A432 /* image */,
				9663C043224491FA001DA7B1 /* Assets.xcassets */,
			);
			path = Resources;
			sourceTree = "<group>";
		};
		969F707D2244C69200D83264 /* Constaints */ = {
			isa = PBXGroup;
			children = (
				96D574482270BDA100228AD0 /* Json.swift */,
			);
			path = Constaints;
			sourceTree = "<group>";
		};
		969F707E2244C6C500D83264 /* Models */ = {
			isa = PBXGroup;
			children = (
				96C98BBB2276E81C008D57CB /* ShareData */,
				96D574512270CECF00228AD0 /* Result.swift */,
				96D5744F2270CEC300228AD0 /* UserProfile.swift */,
				96D574462270B97A00228AD0 /* Exercises.swift */,
				96D574442270B97200228AD0 /* Workout.swift */,
				9633C9B6224B2AC300448D5B /* Exercise.swift */,
				96D574662270FE6D00228AD0 /* ExerciseDetail.swift */,
				96D57481227150FE00228AD0 /* Welcome.swift */,
				968BE6552276820F006651A8 /* ExercisesClass.swift */,
				96C98BB922768E25008D57CB /* ExerciseClass.swift */,
				96C98BC32276F788008D57CB /* ProfileClass.swift */,
			);
			path = Models;
			sourceTree = "<group>";
		};
		969F707F2244C6D300D83264 /* Controllers */ = {
			isa = PBXGroup;
			children = (
				969F70802244C72000D83264 /* Base */,
				969F70852244C78300D83264 /* Start */,
				96C98BBE2276F2C0008D57CB /* Tutorial */,
				96D5745D2270CEF600228AD0 /* Login */,
				96D574582270CEEC00228AD0 /* Register */,
				96D574682270FF6800228AD0 /* Home */,
				96D574532270CEDC00228AD0 /* TrackingFitness */,
				964CD07E2275B213007A79C1 /* Profile */,
				96D574722271157600228AD0 /* CustomExercise */,
				969F708A2244D24700D83264 /* DoExercise */,
				96D574622270CFCF00228AD0 /* DB.swift */,
				964CD07A22759D75007A79C1 /* TabbarVC.swift */,
			);
			path = Controllers;
			sourceTree = "<group>";
		};
		969F70802244C72000D83264 /* Base */ = {
			isa = PBXGroup;
			children = (
				969F70812244C73F00D83264 /* BaseNavigationVC.swift */,
				969F70822244C73F00D83264 /* BaseVC.swift */,
			);
			path = Base;
			sourceTree = "<group>";
		};
		969F70852244C78300D83264 /* Start */ = {
			isa = PBXGroup;
			children = (
				969F70862244C78300D83264 /* LoadingVC.xib */,
				969F70872244C78300D83264 /* LoadingVC.swift */,
			);
			path = Start;
			sourceTree = "<group>";
		};
		969F708A2244D24700D83264 /* DoExercise */ = {
			isa = PBXGroup;
			children = (
				9633C9B0224B249600448D5B /* Cell */,
				969F708B2244D36B00D83264 /* ExerciseVC.swift */,
				969F708C2244D36B00D83264 /* ExerciseVC.xib */,
			);
			path = DoExercise;
			sourceTree = "<group>";
		};
		96C98BBB2276E81C008D57CB /* ShareData */ = {
			isa = PBXGroup;
			children = (
				96C98BBC2276E81C008D57CB /* SharedData.swift */,
			);
			path = ShareData;
			sourceTree = "<group>";
		};
		96C98BBE2276F2C0008D57CB /* Tutorial */ = {
			isa = PBXGroup;
			children = (
				96C98BBF2276F2FB008D57CB /* TutorialVC.swift */,
				96C98BC02276F2FB008D57CB /* TutorialVC.xib */,
			);
			path = Tutorial;
			sourceTree = "<group>";
		};
		96D574532270CEDC00228AD0 /* TrackingFitness */ = {
			isa = PBXGroup;
			children = (
				96D574542270CEDC00228AD0 /* TrackingFitnessVC.xib */,
				96D574552270CEDC00228AD0 /* TrackingFitnessVC.swift */,
			);
			path = TrackingFitness;
			sourceTree = "<group>";
		};
		96D574582270CEEC00228AD0 /* Register */ = {
			isa = PBXGroup;
			children = (
				96D574592270CEEC00228AD0 /* RegisterVC.swift */,
				96D5745A2270CEEC00228AD0 /* RegisterVC.xib */,
			);
			path = Register;
			sourceTree = "<group>";
		};
		96D5745D2270CEF600228AD0 /* Login */ = {
			isa = PBXGroup;
			children = (
				96D5745E2270CEF600228AD0 /* LoginVC.swift */,
				96D5745F2270CEF600228AD0 /* LoginVC.xib */,
			);
			path = Login;
			sourceTree = "<group>";
		};
		96D574682270FF6800228AD0 /* Home */ = {
			isa = PBXGroup;
			children = (
				96D5746D2271020100228AD0 /* Cell */,
				96D574692270FFD300228AD0 /* HomeVC.swift */,
				96D5746A2270FFD300228AD0 /* HomeVC.xib */,
			);
			path = Home;
			sourceTree = "<group>";
		};
		96D5746D2271020100228AD0 /* Cell */ = {
			isa = PBXGroup;
			children = (
				96D5746E2271042E00228AD0 /* ExercisesCell.swift */,
				96D5746F2271042E00228AD0 /* ExercisesCell.xib */,
			);
			path = Cell;
			sourceTree = "<group>";
		};
		96D574722271157600228AD0 /* CustomExercise */ = {
			isa = PBXGroup;
			children = (
				96D5747C22711F5D00228AD0 /* header */,
				96D5747B22711B8F00228AD0 /* Cell */,
				96D57473227115CB00228AD0 /* AddExercisesVc.swift */,
				96D57474227115CB00228AD0 /* AddExercisesVc.xib */,
			);
			path = CustomExercise;
			sourceTree = "<group>";
		};
		96D5747B22711B8F00228AD0 /* Cell */ = {
			isa = PBXGroup;
			children = (
				96D5747722711B7F00228AD0 /* ItemExerciseDetailCell.swift */,
				96D5747822711B7F00228AD0 /* ItemExerciseDetailCell.xib */,
			);
			path = Cell;
			sourceTree = "<group>";
		};
		96D5747C22711F5D00228AD0 /* header */ = {
			isa = PBXGroup;
			children = (
				96D5747D227121B900228AD0 /* HeaderCell.swift */,
				96D5747E227121B900228AD0 /* HeaderCell.xib */,
			);
			path = header;
			sourceTree = "<group>";
		};
/* End PBXGroup section */

/* Begin PBXNativeTarget section */
		9663C038224491F8001DA7B1 /* Fitness_App */ = {
			isa = PBXNativeTarget;
			buildConfigurationList = 9663C04B224491FA001DA7B1 /* Build configuration list for PBXNativeTarget "Fitness_App" */;
			buildPhases = (
				5F77C0F3485C98D648C81587 /* [CP] Check Pods Manifest.lock */,
				9663C035224491F8001DA7B1 /* Sources */,
				9663C036224491F8001DA7B1 /* Frameworks */,
				9663C037224491F8001DA7B1 /* Resources */,
				52F202E07A0B3150EDFAC55C /* [CP] Embed Pods Frameworks */,
				3FC5CCED116D56983D08F37D /* [CP] Copy Pods Resources */,
			);
			buildRules = (
			);
			dependencies = (
			);
			name = Fitness_App;
			productName = Fitness_App;
			productReference = 9663C039224491F8001DA7B1 /* Fitness_App.app */;
			productType = "com.apple.product-type.application";
		};
/* End PBXNativeTarget section */

/* Begin PBXProject section */
		9663C031224491F8001DA7B1 /* Project object */ = {
			isa = PBXProject;
			attributes = {
				LastSwiftUpdateCheck = 1010;
				LastUpgradeCheck = 1010;
				ORGANIZATIONNAME = Phuong_Nguyen;
				TargetAttributes = {
					9663C038224491F8001DA7B1 = {
						CreatedOnToolsVersion = 10.1;
					};
				};
			};
			buildConfigurationList = 9663C034224491F8001DA7B1 /* Build configuration list for PBXProject "Fitness_App" */;
			compatibilityVersion = "Xcode 9.3";
			developmentRegion = en;
			hasScannedForEncodings = 0;
			knownRegions = (
				en,
				Base,
			);
			mainGroup = 9663C030224491F8001DA7B1;
			productRefGroup = 9663C03A224491F8001DA7B1 /* Products */;
			projectDirPath = "";
			projectRoot = "";
			targets = (
				9663C038224491F8001DA7B1 /* Fitness_App */,
			);
		};
/* End PBXProject section */

/* Begin PBXResourcesBuildPhase section */
		9663C037224491F8001DA7B1 /* Resources */ = {
			isa = PBXResourcesBuildPhase;
			buildActionMask = 2147483647;
			files = (
				964CD0822275B23D007A79C1 /* ProfileVC.xib in Resources */,
				9663C047224491FA001DA7B1 /* LaunchScreen.storyboard in Resources */,
				96D574712271042E00228AD0 /* ExercisesCell.xib in Resources */,
				969F70882244C78300D83264 /* LoadingVC.xib in Resources */,
				96C98BC22276F2FB008D57CB /* TutorialVC.xib in Resources */,
				96973890225463430064A432 /* bent_elbow_shoulder_circle_2.png in Resources */,
				9663C044224491FA001DA7B1 /* Assets.xcassets in Resources */,
				96D5747A22711B7F00228AD0 /* ItemExerciseDetailCell.xib in Resources */,
				969F706C2244C61E00D83264 /* TextPicker.xib in Resources */,
				96D5746C2270FFD300228AD0 /* HomeVC.xib in Resources */,
				969F706B2244C61E00D83264 /* DateTimePicker.xib in Resources */,
				9633C9B5224B250F00448D5B /* DoExerciseCell.xib in Resources */,
				96D574562270CEDC00228AD0 /* TrackingFitnessVC.xib in Resources */,
				96D5745C2270CEEC00228AD0 /* RegisterVC.xib in Resources */,
				9633C9C0224B60C000448D5B /* ExerciseCell.xib in Resources */,
				969F708E2244D36B00D83264 /* ExerciseVC.xib in Resources */,
				96D574652270D03500228AD0 /* GoogleService-Info.plist in Resources */,
				9663C042224491F9001DA7B1 /* Main.storyboard in Resources */,
				96D57480227121B900228AD0 /* HeaderCell.xib in Resources */,
				96D57476227115CB00228AD0 /* AddExercisesVc.xib in Resources */,
				9697388F225463430064A432 /* bent_elbow_shoulder_circle_3.png in Resources */,
				96D574612270CEF600228AD0 /* LoginVC.xib in Resources */,
				963BDEF4227532F6001C7A23 /* big_arm_circle.gif in Resources */,
				96973891225463430064A432 /* bent_elbow_shoulder_circle_1.png in Resources */,
			);
			runOnlyForDeploymentPostprocessing = 0;
		};
/* End PBXResourcesBuildPhase section */

/* Begin PBXShellScriptBuildPhase section */
		3FC5CCED116D56983D08F37D /* [CP] Copy Pods Resources */ = {
			isa = PBXShellScriptBuildPhase;
			buildActionMask = 2147483647;
			files = (
			);
			inputFileListPaths = (
			);
			inputPaths = (
				"${SRCROOT}/Pods/Target Support Files/Pods-Fitness_App/Pods-Fitness_App-resources.sh",
				"${PODS_ROOT}/GoogleSignIn/Resources/GoogleSignIn.bundle",
			);
			name = "[CP] Copy Pods Resources";
			outputFileListPaths = (
			);
			outputPaths = (
				"${TARGET_BUILD_DIR}/${UNLOCALIZED_RESOURCES_FOLDER_PATH}/GoogleSignIn.bundle",
			);
			runOnlyForDeploymentPostprocessing = 0;
			shellPath = /bin/sh;
			shellScript = "\"${SRCROOT}/Pods/Target Support Files/Pods-Fitness_App/Pods-Fitness_App-resources.sh\"\n";
			showEnvVarsInLog = 0;
		};
		52F202E07A0B3150EDFAC55C /* [CP] Embed Pods Frameworks */ = {
			isa = PBXShellScriptBuildPhase;
			buildActionMask = 2147483647;
			files = (
			);
			inputFileListPaths = (
			);
			inputPaths = (
				"${SRCROOT}/Pods/Target Support Files/Pods-Fitness_App/Pods-Fitness_App-frameworks.sh",
				"${BUILT_PRODUCTS_DIR}/Alamofire/Alamofire.framework",
				"${BUILT_PRODUCTS_DIR}/AlamofireSwiftyJSON/AlamofireSwiftyJSON.framework",
				"${BUILT_PRODUCTS_DIR}/Bolts/Bolts.framework",
				"${BUILT_PRODUCTS_DIR}/Charts/Charts.framework",
				"${BUILT_PRODUCTS_DIR}/CryptoSwift/CryptoSwift.framework",
				"${BUILT_PRODUCTS_DIR}/FBSDKCoreKit/FBSDKCoreKit.framework",
				"${BUILT_PRODUCTS_DIR}/FBSDKLoginKit/FBSDKLoginKit.framework",
				"${BUILT_PRODUCTS_DIR}/FBSDKShareKit/FBSDKShareKit.framework",
				"${BUILT_PRODUCTS_DIR}/GTMSessionFetcher/GTMSessionFetcher.framework",
				"${BUILT_PRODUCTS_DIR}/GoogleToolboxForMac/GoogleToolboxForMac.framework",
				"${BUILT_PRODUCTS_DIR}/GoogleUtilities/GoogleUtilities.framework",
				"${BUILT_PRODUCTS_DIR}/Kingfisher/Kingfisher.framework",
				"${BUILT_PRODUCTS_DIR}/MBCircularProgressBar/MBCircularProgressBar.framework",
				"${BUILT_PRODUCTS_DIR}/MBProgressHUD/MBProgressHUD.framework",
				"${BUILT_PRODUCTS_DIR}/Realm/Realm.framework",
				"${BUILT_PRODUCTS_DIR}/RealmSwift/RealmSwift.framework",
				"${BUILT_PRODUCTS_DIR}/SwiftyJSON/SwiftyJSON.framework",
				"${BUILT_PRODUCTS_DIR}/leveldb-library/leveldb.framework",
				"${BUILT_PRODUCTS_DIR}/nanopb/nanopb.framework",
			);
			name = "[CP] Embed Pods Frameworks";
			outputFileListPaths = (
			);
			outputPaths = (
				"${TARGET_BUILD_DIR}/${FRAMEWORKS_FOLDER_PATH}/Alamofire.framework",
				"${TARGET_BUILD_DIR}/${FRAMEWORKS_FOLDER_PATH}/AlamofireSwiftyJSON.framework",
				"${TARGET_BUILD_DIR}/${FRAMEWORKS_FOLDER_PATH}/Bolts.framework",
				"${TARGET_BUILD_DIR}/${FRAMEWORKS_FOLDER_PATH}/Charts.framework",
				"${TARGET_BUILD_DIR}/${FRAMEWORKS_FOLDER_PATH}/CryptoSwift.framework",
				"${TARGET_BUILD_DIR}/${FRAMEWORKS_FOLDER_PATH}/FBSDKCoreKit.framework",
				"${TARGET_BUILD_DIR}/${FRAMEWORKS_FOLDER_PATH}/FBSDKLoginKit.framework",
				"${TARGET_BUILD_DIR}/${FRAMEWORKS_FOLDER_PATH}/FBSDKShareKit.framework",
				"${TARGET_BUILD_DIR}/${FRAMEWORKS_FOLDER_PATH}/GTMSessionFetcher.framework",
				"${TARGET_BUILD_DIR}/${FRAMEWORKS_FOLDER_PATH}/GoogleToolboxForMac.framework",
				"${TARGET_BUILD_DIR}/${FRAMEWORKS_FOLDER_PATH}/GoogleUtilities.framework",
				"${TARGET_BUILD_DIR}/${FRAMEWORKS_FOLDER_PATH}/Kingfisher.framework",
				"${TARGET_BUILD_DIR}/${FRAMEWORKS_FOLDER_PATH}/MBCircularProgressBar.framework",
				"${TARGET_BUILD_DIR}/${FRAMEWORKS_FOLDER_PATH}/MBProgressHUD.framework",
				"${TARGET_BUILD_DIR}/${FRAMEWORKS_FOLDER_PATH}/Realm.framework",
				"${TARGET_BUILD_DIR}/${FRAMEWORKS_FOLDER_PATH}/RealmSwift.framework",
				"${TARGET_BUILD_DIR}/${FRAMEWORKS_FOLDER_PATH}/SwiftyJSON.framework",
				"${TARGET_BUILD_DIR}/${FRAMEWORKS_FOLDER_PATH}/leveldb.framework",
				"${TARGET_BUILD_DIR}/${FRAMEWORKS_FOLDER_PATH}/nanopb.framework",
			);
			runOnlyForDeploymentPostprocessing = 0;
			shellPath = /bin/sh;
			shellScript = "\"${SRCROOT}/Pods/Target Support Files/Pods-Fitness_App/Pods-Fitness_App-frameworks.sh\"\n";
			showEnvVarsInLog = 0;
		};
		5F77C0F3485C98D648C81587 /* [CP] Check Pods Manifest.lock */ = {
			isa = PBXShellScriptBuildPhase;
			buildActionMask = 2147483647;
			files = (
			);
			inputFileListPaths = (
			);
			inputPaths = (
				"${PODS_PODFILE_DIR_PATH}/Podfile.lock",
				"${PODS_ROOT}/Manifest.lock",
			);
			name = "[CP] Check Pods Manifest.lock";
			outputFileListPaths = (
			);
			outputPaths = (
				"$(DERIVED_FILE_DIR)/Pods-Fitness_App-checkManifestLockResult.txt",
			);
			runOnlyForDeploymentPostprocessing = 0;
			shellPath = /bin/sh;
			shellScript = "diff \"${PODS_PODFILE_DIR_PATH}/Podfile.lock\" \"${PODS_ROOT}/Manifest.lock\" > /dev/null\nif [ $? != 0 ] ; then\n    # print error to STDERR\n    echo \"error: The sandbox is not in sync with the Podfile.lock. Run 'pod install' or update your CocoaPods installation.\" >&2\n    exit 1\nfi\n# This output is used by Xcode 'outputs' to avoid re-running this script phase.\necho \"SUCCESS\" > \"${SCRIPT_OUTPUT_FILE_0}\"\n";
			showEnvVarsInLog = 0;
		};
/* End PBXShellScriptBuildPhase section */

/* Begin PBXSourcesBuildPhase section */
		9663C035224491F8001DA7B1 /* Sources */ = {
			isa = PBXSourcesBuildPhase;
			buildActionMask = 2147483647;
			files = (
				96C98BC12276F2FB008D57CB /* TutorialVC.swift in Sources */,
				96D574672270FE6D00228AD0 /* ExerciseDetail.swift in Sources */,
				969F70602244C61E00D83264 /* UIButton+Extension.swift in Sources */,
				969F70572244C61E00D83264 /* Date+Extension.swift in Sources */,
				969F70742244C61E00D83264 /* ColorImageView.swift in Sources */,
				968BE6562276820F006651A8 /* ExercisesClass.swift in Sources */,
				969F705F2244C61E00D83264 /* UILabel+Extension.swift in Sources */,
				96D5747922711B7F00228AD0 /* ItemExerciseDetailCell.swift in Sources */,
				9633C9B7224B2AC300448D5B /* Exercise.swift in Sources */,
				963BDEF622753397001C7A23 /* GifImage.swift in Sources */,
				969F70042244C5EB00D83264 /* GradientButton.swift in Sources */,
				9663C03F224491F9001DA7B1 /* ViewController.swift in Sources */,
				96D574702271042E00228AD0 /* ExercisesCell.swift in Sources */,
				96C98BBA22768E25008D57CB /* ExerciseClass.swift in Sources */,
				964CD07B22759D75007A79C1 /* TabbarVC.swift in Sources */,
				969F70682244C61E00D83264 /* BasePicker.swift in Sources */,
				969F70542244C61E00D83264 /* GradientLayer.swift in Sources */,
				96D574472270B97A00228AD0 /* Exercises.swift in Sources */,
				969F70762244C61E00D83264 /* InsetTextView.swift in Sources */,
				96D574502270CEC400228AD0 /* UserProfile.swift in Sources */,
				96D574632270CFD000228AD0 /* DB.swift in Sources */,
				969F70582244C61E00D83264 /* UIApplication+Extension.swift in Sources */,
				969F70662244C61E00D83264 /* AttributeString+Extension.swift in Sources */,
				964CD0812275B23D007A79C1 /* ProfileVC.swift in Sources */,
				969F70512244C61E00D83264 /* BaseTextField.swift in Sources */,
				969F70652244C61E00D83264 /* UITextField+Extension.swift in Sources */,
				969F706E2244C61E00D83264 /* Permission.swift in Sources */,
				969F70622244C61E00D83264 /* UIImage+Extension.swift in Sources */,
				969F705A2244C61E00D83264 /* UINavigationController+Extension.swift in Sources */,
				969F707B2244C63B00D83264 /* NotificationService.swift in Sources */,
				96D5745B2270CEEC00228AD0 /* RegisterVC.swift in Sources */,
				969F704C2244C61E00D83264 /* GradientView.swift in Sources */,
				969F704A2244C61E00D83264 /* RoundedView.swift in Sources */,
				96D5747F227121B900228AD0 /* HeaderCell.swift in Sources */,
				969F70522244C61E00D83264 /* BorderTextField.swift in Sources */,
				969F70642244C61E00D83264 /* UIScrollView+Extension.swift in Sources */,
				96D574452270B97200228AD0 /* Workout.swift in Sources */,
				969F70502244C61E00D83264 /* BaseTableView.swift in Sources */,
				969F70702244C61E00D83264 /* Utils.swift in Sources */,
				96D57482227150FE00228AD0 /* Welcome.swift in Sources */,
				969F70632244C61E00D83264 /* UITextView+Extension.swift in Sources */,
				969F70832244C73F00D83264 /* BaseNavigationVC.swift in Sources */,
				969F707A2244C63B00D83264 /* SystemBoots.swift in Sources */,
				969F705C2244C61E00D83264 /* Int+Extension.swift in Sources */,
				969F70482244C61E00D83264 /* TapActionView.swift in Sources */,
				969F70712244C61E00D83264 /* AutoLayoutHelper.swift in Sources */,
				969F70722244C61E00D83264 /* RetryHandler.swift in Sources */,
				969F705E2244C61E00D83264 /* UIImageView+Extension.swift in Sources */,
				969F70672244C61E00D83264 /* String+Extension.swift in Sources */,
				969F706D2244C61E00D83264 /* DateTimePicker.swift in Sources */,
				969F70842244C73F00D83264 /* BaseVC.swift in Sources */,
				969F704B2244C61E00D83264 /* ShadowView.swift in Sources */,
				969F70612244C61E00D83264 /* UIView+Extension.swift in Sources */,
				969F705B2244C61E00D83264 /* UIViewController+Extension.swift in Sources */,
				9633C9B4224B250F00448D5B /* DoExerciseCell.swift in Sources */,
				9663C03D224491F9001DA7B1 /* AppDelegate.swift in Sources */,
				96D57475227115CB00228AD0 /* AddExercisesVc.swift in Sources */,
				969F708D2244D36B00D83264 /* ExerciseVC.swift in Sources */,
				964CD07D22759FB0007A79C1 /* Extension.swift in Sources */,
				969F704F2244C61E00D83264 /* CameraPhotoService.swift in Sources */,
				969F704D2244C61E00D83264 /* KeyboardHandlerScrollView.swift in Sources */,
				969F70892244C78300D83264 /* LoadingVC.swift in Sources */,
				969F706F2244C61E00D83264 /* SystemInfo.swift in Sources */,
				9633C9BB224B39B100448D5B /* PlayerViewClass.swift in Sources */,
				969F70022244C5EB00D83264 /* CheckBox.swift in Sources */,
				969F70492244C61E00D83264 /* CustomNibView.swift in Sources */,
				969F70592244C61E00D83264 /* UIAlertController+Extension.swift in Sources */,
				969F704E2244C61E00D83264 /* VCService.swift in Sources */,
				96D5746B2270FFD300228AD0 /* HomeVC.swift in Sources */,
				96D574522270CECF00228AD0 /* Result.swift in Sources */,
				969F706A2244C61E00D83264 /* TextPicker.swift in Sources */,
				9633C9BF224B60C000448D5B /* ExerciseCell.swift in Sources */,
				969F70752244C61E00D83264 /* BaseTextView.swift in Sources */,
				96D574572270CEDC00228AD0 /* TrackingFitnessVC.swift in Sources */,
				969F70032244C5EB00D83264 /* ShadowButton.swift in Sources */,
				969F70062244C60500D83264 /* BaseCollectionView.swift in Sources */,
				969F70552244C61E00D83264 /* UIFont+Extension.swift in Sources */,
				969F70692244C61E00D83264 /* PickerViewer.swift in Sources */,
				96C98BC42276F788008D57CB /* ProfileClass.swift in Sources */,
				96C98BBD2276E81C008D57CB /* SharedData.swift in Sources */,
				969F705D2244C61E00D83264 /* Float+Extension.swift in Sources */,
				969F70532244C61E00D83264 /* InsetTextField.swift in Sources */,
				969F70732244C61E00D83264 /* IndicatorViewer.swift in Sources */,
				96D574492270BDA100228AD0 /* Json.swift in Sources */,
				96D574602270CEF600228AD0 /* LoginVC.swift in Sources */,
			);
			runOnlyForDeploymentPostprocessing = 0;
		};
/* End PBXSourcesBuildPhase section */

/* Begin PBXVariantGroup section */
		9663C040224491F9001DA7B1 /* Main.storyboard */ = {
			isa = PBXVariantGroup;
			children = (
				9663C041224491F9001DA7B1 /* Base */,
			);
			name = Main.storyboard;
			sourceTree = "<group>";
		};
		9663C045224491FA001DA7B1 /* LaunchScreen.storyboard */ = {
			isa = PBXVariantGroup;
			children = (
				9663C046224491FA001DA7B1 /* Base */,
			);
			name = LaunchScreen.storyboard;
			sourceTree = "<group>";
		};
/* End PBXVariantGroup section */

/* Begin XCBuildConfiguration section */
		9663C049224491FA001DA7B1 /* Debug */ = {
			isa = XCBuildConfiguration;
			buildSettings = {
				ALWAYS_SEARCH_USER_PATHS = NO;
				CLANG_ANALYZER_NONNULL = YES;
				CLANG_ANALYZER_NUMBER_OBJECT_CONVERSION = YES_AGGRESSIVE;
				CLANG_CXX_LANGUAGE_STANDARD = "gnu++14";
				CLANG_CXX_LIBRARY = "libc++";
				CLANG_ENABLE_MODULES = YES;
				CLANG_ENABLE_OBJC_ARC = YES;
				CLANG_ENABLE_OBJC_WEAK = YES;
				CLANG_WARN_BLOCK_CAPTURE_AUTORELEASING = YES;
				CLANG_WARN_BOOL_CONVERSION = YES;
				CLANG_WARN_COMMA = YES;
				CLANG_WARN_CONSTANT_CONVERSION = YES;
				CLANG_WARN_DEPRECATED_OBJC_IMPLEMENTATIONS = YES;
				CLANG_WARN_DIRECT_OBJC_ISA_USAGE = YES_ERROR;
				CLANG_WARN_DOCUMENTATION_COMMENTS = YES;
				CLANG_WARN_EMPTY_BODY = YES;
				CLANG_WARN_ENUM_CONVERSION = YES;
				CLANG_WARN_INFINITE_RECURSION = YES;
				CLANG_WARN_INT_CONVERSION = YES;
				CLANG_WARN_NON_LITERAL_NULL_CONVERSION = YES;
				CLANG_WARN_OBJC_IMPLICIT_RETAIN_SELF = YES;
				CLANG_WARN_OBJC_LITERAL_CONVERSION = YES;
				CLANG_WARN_OBJC_ROOT_CLASS = YES_ERROR;
				CLANG_WARN_RANGE_LOOP_ANALYSIS = YES;
				CLANG_WARN_STRICT_PROTOTYPES = YES;
				CLANG_WARN_SUSPICIOUS_MOVE = YES;
				CLANG_WARN_UNGUARDED_AVAILABILITY = YES_AGGRESSIVE;
				CLANG_WARN_UNREACHABLE_CODE = YES;
				CLANG_WARN__DUPLICATE_METHOD_MATCH = YES;
				CODE_SIGN_IDENTITY = "iPhone Developer";
				COPY_PHASE_STRIP = NO;
				DEBUG_INFORMATION_FORMAT = dwarf;
				ENABLE_STRICT_OBJC_MSGSEND = YES;
				ENABLE_TESTABILITY = YES;
				GCC_C_LANGUAGE_STANDARD = gnu11;
				GCC_DYNAMIC_NO_PIC = NO;
				GCC_NO_COMMON_BLOCKS = YES;
				GCC_OPTIMIZATION_LEVEL = 0;
				GCC_PREPROCESSOR_DEFINITIONS = (
					"DEBUG=1",
					"$(inherited)",
				);
				GCC_WARN_64_TO_32_BIT_CONVERSION = YES;
				GCC_WARN_ABOUT_RETURN_TYPE = YES_ERROR;
				GCC_WARN_UNDECLARED_SELECTOR = YES;
				GCC_WARN_UNINITIALIZED_AUTOS = YES_AGGRESSIVE;
				GCC_WARN_UNUSED_FUNCTION = YES;
				GCC_WARN_UNUSED_VARIABLE = YES;
				IPHONEOS_DEPLOYMENT_TARGET = 12.1;
				MTL_ENABLE_DEBUG_INFO = INCLUDE_SOURCE;
				MTL_FAST_MATH = YES;
				ONLY_ACTIVE_ARCH = YES;
				SDKROOT = iphoneos;
				SWIFT_ACTIVE_COMPILATION_CONDITIONS = DEBUG;
				SWIFT_OPTIMIZATION_LEVEL = "-Onone";
			};
			name = Debug;
		};
		9663C04A224491FA001DA7B1 /* Release */ = {
			isa = XCBuildConfiguration;
			buildSettings = {
				ALWAYS_SEARCH_USER_PATHS = NO;
				CLANG_ANALYZER_NONNULL = YES;
				CLANG_ANALYZER_NUMBER_OBJECT_CONVERSION = YES_AGGRESSIVE;
				CLANG_CXX_LANGUAGE_STANDARD = "gnu++14";
				CLANG_CXX_LIBRARY = "libc++";
				CLANG_ENABLE_MODULES = YES;
				CLANG_ENABLE_OBJC_ARC = YES;
				CLANG_ENABLE_OBJC_WEAK = YES;
				CLANG_WARN_BLOCK_CAPTURE_AUTORELEASING = YES;
				CLANG_WARN_BOOL_CONVERSION = YES;
				CLANG_WARN_COMMA = YES;
				CLANG_WARN_CONSTANT_CONVERSION = YES;
				CLANG_WARN_DEPRECATED_OBJC_IMPLEMENTATIONS = YES;
				CLANG_WARN_DIRECT_OBJC_ISA_USAGE = YES_ERROR;
				CLANG_WARN_DOCUMENTATION_COMMENTS = YES;
				CLANG_WARN_EMPTY_BODY = YES;
				CLANG_WARN_ENUM_CONVERSION = YES;
				CLANG_WARN_INFINITE_RECURSION = YES;
				CLANG_WARN_INT_CONVERSION = YES;
				CLANG_WARN_NON_LITERAL_NULL_CONVERSION = YES;
				CLANG_WARN_OBJC_IMPLICIT_RETAIN_SELF = YES;
				CLANG_WARN_OBJC_LITERAL_CONVERSION = YES;
				CLANG_WARN_OBJC_ROOT_CLASS = YES_ERROR;
				CLANG_WARN_RANGE_LOOP_ANALYSIS = YES;
				CLANG_WARN_STRICT_PROTOTYPES = YES;
				CLANG_WARN_SUSPICIOUS_MOVE = YES;
				CLANG_WARN_UNGUARDED_AVAILABILITY = YES_AGGRESSIVE;
				CLANG_WARN_UNREACHABLE_CODE = YES;
				CLANG_WARN__DUPLICATE_METHOD_MATCH = YES;
				CODE_SIGN_IDENTITY = "iPhone Developer";
				COPY_PHASE_STRIP = NO;
				DEBUG_INFORMATION_FORMAT = "dwarf-with-dsym";
				ENABLE_NS_ASSERTIONS = NO;
				ENABLE_STRICT_OBJC_MSGSEND = YES;
				GCC_C_LANGUAGE_STANDARD = gnu11;
				GCC_NO_COMMON_BLOCKS = YES;
				GCC_WARN_64_TO_32_BIT_CONVERSION = YES;
				GCC_WARN_ABOUT_RETURN_TYPE = YES_ERROR;
				GCC_WARN_UNDECLARED_SELECTOR = YES;
				GCC_WARN_UNINITIALIZED_AUTOS = YES_AGGRESSIVE;
				GCC_WARN_UNUSED_FUNCTION = YES;
				GCC_WARN_UNUSED_VARIABLE = YES;
				IPHONEOS_DEPLOYMENT_TARGET = 12.1;
				MTL_ENABLE_DEBUG_INFO = NO;
				MTL_FAST_MATH = YES;
				SDKROOT = iphoneos;
				SWIFT_COMPILATION_MODE = wholemodule;
				SWIFT_OPTIMIZATION_LEVEL = "-O";
				VALIDATE_PRODUCT = YES;
			};
			name = Release;
		};
		9663C04C224491FA001DA7B1 /* Debug */ = {
			isa = XCBuildConfiguration;
			baseConfigurationReference = F50E53F3B60895225092BDC7 /* Pods-Fitness_App.debug.xcconfig */;
			buildSettings = {
				ASSETCATALOG_COMPILER_APPICON_NAME = AppIcon;
				CODE_SIGN_STYLE = Automatic;
				DEVELOPMENT_TEAM = "";
				INFOPLIST_FILE = "$(SRCROOT)/Fitness_App/Application/Info.plist";
				IPHONEOS_DEPLOYMENT_TARGET = 12.0;
				LD_RUNPATH_SEARCH_PATHS = (
					"$(inherited)",
					"@executable_path/Frameworks",
				);
				OTHER_LDFLAGS = (
					"$(inherited)",
					"-framework",
					"\"Alamofire\"",
					"-framework",
					"\"AlamofireSwiftyJSON\"",
					"-framework",
					"\"CryptoSwift\"",
					"-framework",
					"\"Kingfisher\"",
					"-framework",
					"\"MBProgressHUD\"",
					"-framework",
					"\"SwiftyJSON\"",
				);
				PRODUCT_BUNDLE_IDENTIFIER = "com.product.Fitness-App";
				PRODUCT_NAME = "$(TARGET_NAME)";
				SWIFT_VERSION = 4.2;
				TARGETED_DEVICE_FAMILY = "1,2";
			};
			name = Debug;
		};
		9663C04D224491FA001DA7B1 /* Release */ = {
			isa = XCBuildConfiguration;
			baseConfigurationReference = D63B276F7E609B0B96435B2C /* Pods-Fitness_App.release.xcconfig */;
			buildSettings = {
				ASSETCATALOG_COMPILER_APPICON_NAME = AppIcon;
				CODE_SIGN_STYLE = Automatic;
				DEVELOPMENT_TEAM = "";
				INFOPLIST_FILE = "$(SRCROOT)/Fitness_App/Application/Info.plist";
				IPHONEOS_DEPLOYMENT_TARGET = 12.0;
				LD_RUNPATH_SEARCH_PATHS = (
					"$(inherited)",
					"@executable_path/Frameworks",
				);
				OTHER_LDFLAGS = (
					"$(inherited)",
					"-framework",
					"\"Alamofire\"",
					"-framework",
					"\"AlamofireSwiftyJSON\"",
					"-framework",
					"\"CryptoSwift\"",
					"-framework",
					"\"Kingfisher\"",
					"-framework",
					"\"MBProgressHUD\"",
					"-framework",
					"\"SwiftyJSON\"",
				);
				PRODUCT_BUNDLE_IDENTIFIER = "com.product.Fitness-App";
				PRODUCT_NAME = "$(TARGET_NAME)";
				SWIFT_VERSION = 4.2;
				TARGETED_DEVICE_FAMILY = "1,2";
			};
			name = Release;
		};
/* End XCBuildConfiguration section */

/* Begin XCConfigurationList section */
		9663C034224491F8001DA7B1 /* Build configuration list for PBXProject "Fitness_App" */ = {
			isa = XCConfigurationList;
			buildConfigurations = (
				9663C049224491FA001DA7B1 /* Debug */,
				9663C04A224491FA001DA7B1 /* Release */,
			);
			defaultConfigurationIsVisible = 0;
			defaultConfigurationName = Release;
		};
		9663C04B224491FA001DA7B1 /* Build configuration list for PBXNativeTarget "Fitness_App" */ = {
			isa = XCConfigurationList;
			buildConfigurations = (
				9663C04C224491FA001DA7B1 /* Debug */,
				9663C04D224491FA001DA7B1 /* Release */,
			);
			defaultConfigurationIsVisible = 0;
			defaultConfigurationName = Release;
		};
/* End XCConfigurationList section */
	};
	rootObject = 9663C031224491F8001DA7B1 /* Project object */;
}
